
Microsoft Visual Studio Solution File, Format Version 12.00
# Visual Studio Version 16
VisualStudioVersion = 16.0.30011.22
MinimumVisualStudioVersion = 10.0.40219.1
Project("{FAE04EC0-301F-11D3-BF4B-00C04F79EFBC}") = "DinerMax3000Console", "DinerMax3000Console\DinerMax3000Console.csproj", "{07D87EE6-1B0A-4ACA-95FE-52A17F2B5F7F}"
EndProject
Project("{FAE04EC0-301F-11D3-BF4B-00C04F79EFBC}") = "DinerMax3000.Business", "DinerMax3000BusinessLayer\DinerMax3000.Business.csproj", "{8F87F8BE-B7B5-4F83-B715-94A7DC6151E0}"
EndProject
Project("{E24C65DC-7377-472B-9ABA-BC803B73C61A}") = "DinerMax3000Web", "DinerMax3000Web\", "{251F350C-F4C0-42C7-B9C7-D322C5E84AD3}"
	ProjectSection(WebsiteProperties) = preProject
		TargetFrameworkMoniker = ".NETFramework,Version%3Dv4.7.2"
		ProjectReferences = "{8f87f8be-b7b5-4f83-b715-94a7dc6151e0}|DinerMax3000BusinessLayer.dll;"
		Debug.AspNetCompiler.VirtualPath = "/localhost_55293"
		Debug.AspNetCompiler.PhysicalPath = "DinerMax3000Web\"
		Debug.AspNetCompiler.TargetPath = "PrecompiledWeb\localhost_55293\"
		Debug.AspNetCompiler.Updateable = "true"
		Debug.AspNetCompiler.ForceOverwrite = "true"
		Debug.AspNetCompiler.FixedNames = "false"
		Debug.AspNetCompiler.Debug = "True"
		Release.AspNetCompiler.VirtualPath = "/localhost_55293"
		Release.AspNetCompiler.PhysicalPath = "DinerMax3000Web\"
		Release.AspNetCompiler.TargetPath = "PrecompiledWeb\localhost_55293\"
		Release.AspNetCompiler.Updateable = "true"
		Release.AspNetCompiler.ForceOverwrite = "true"
		Release.AspNetCompiler.FixedNames = "false"
		Release.AspNetCompiler.Debug = "False"
		VWDPort = "55293"
		SlnRelativePath = "DinerMax3000Web\"
		DefaultWebSiteLanguage = "Visual C#"
	EndProjectSection
EndProject
Project("{FAE04EC0-301F-11D3-BF4B-00C04F79EFBC}") = "DinerMax3000UnitTest", "DinerMax3000UnitTest\DinerMax3000UnitTest.csproj", "{46A157F3-0B94-4860-A190-AD15411D5A91}"
EndProject
Global
	GlobalSection(SolutionConfigurationPlatforms) = preSolution
		Debug|Any CPU = Debug|Any CPU
		Release|Any CPU = Release|Any CPU
	EndGlobalSection
	GlobalSection(ProjectConfigurationPlatforms) = postSolution
		{07D87EE6-1B0A-4ACA-95FE-52A17F2B5F7F}.Debug|Any CPU.ActiveCfg = Debug|Any CPU
		{07D87EE6-1B0A-4ACA-95FE-52A17F2B5F7F}.Debug|Any CPU.Build.0 = Debug|Any CPU
		{07D87EE6-1B0A-4ACA-95FE-52A17F2B5F7F}.Release|Any CPU.ActiveCfg = Release|Any CPU
		{07D87EE6-1B0A-4ACA-95FE-52A17F2B5F7F}.Release|Any CPU.Build.0 = Release|Any CPU
		{8F87F8BE-B7B5-4F83-B715-94A7DC6151E0}.Debug|Any CPU.ActiveCfg = Debug|Any CPU
		{8F87F8BE-B7B5-4F83-B715-94A7DC6151E0}.Debug|Any CPU.Build.0 = Debug|Any CPU
		{8F87F8BE-B7B5-4F83-B715-94A7DC6151E0}.Release|Any CPU.ActiveCfg = Release|Any CPU
		{8F87F8BE-B7B5-4F83-B715-94A7DC6151E0}.Release|Any CPU.Build.0 = Release|Any CPU
		{251F350C-F4C0-42C7-B9C7-D322C5E84AD3}.Debug|Any CPU.ActiveCfg = Debug|Any CPU
		{251F350C-F4C0-42C7-B9C7-D322C5E84AD3}.Debug|Any CPU.Build.0 = Debug|Any CPU
		{251F350C-F4C0-42C7-B9C7-D322C5E84AD3}.Release|Any CPU.ActiveCfg = Debug|Any CPU
		{251F350C-F4C0-42C7-B9C7-D322C5E84AD3}.Release|Any CPU.Build.0 = Debug|Any CPU
		{46A157F3-0B94-4860-A190-AD15411D5A91}.Debug|Any CPU.ActiveCfg = Debug|Any CPU
		{46A157F3-0B94-4860-A190-AD15411D5A91}.Debug|Any CPU.Build.0 = Debug|Any CPU
		{46A157F3-0B94-4860-A190-AD15411D5A91}.Release|Any CPU.ActiveCfg = Release|Any CPU
		{46A157F3-0B94-4860-A190-AD15411D5A91}.Release|Any CPU.Build.0 = Release|Any CPU
	EndGlobalSection
	GlobalSection(SolutionProperties) = preSolution
		HideSolutionNode = FALSE
	EndGlobalSection
	GlobalSection(ExtensibilityGlobals) = postSolution
		SolutionGuid = {BB8066F7-5B99-4F30-87FE-00B4ABC815A8}
	EndGlobalSection
EndGlobal
